
Microsoft Visual Studio Solution File, Format Version 12.00
# Visual Studio Version 17
VisualStudioVersion = 17.4.33205.214
MinimumVisualStudioVersion = 10.0.40219.1
Project("{FAE04EC0-301F-11D3-BF4B-00C04F79EFBC}") = "Portfelik", "Portfelik\Portfelik.csproj", "{9FD727E1-FA70-44C8-A32F-52A774C4FA86}"
EndProject
Project("{2150E333-8FDC-42A3-9474-1A3956D46DE8}") = "Elementy rozwiązania", "Elementy rozwiązania", "{BBA78E6D-2E6D-44FE-96CF-7DD1D059C10B}"
	ProjectSection(SolutionItems) = preProject
		Expenditure.cs = Expenditure.cs
	EndProjectSection
EndProject
Global
	GlobalSection(SolutionConfigurationPlatforms) = preSolution
		Debug|Any CPU = Debug|Any CPU
		Release|Any CPU = Release|Any CPU
	EndGlobalSection
	GlobalSection(ProjectConfigurationPlatforms) = postSolution
		{9FD727E1-FA70-44C8-A32F-52A774C4FA86}.Debug|Any CPU.ActiveCfg = Debug|Any CPU
		{9FD727E1-FA70-44C8-A32F-52A774C4FA86}.Debug|Any CPU.Build.0 = Debug|Any CPU
		{9FD727E1-FA70-44C8-A32F-52A774C4FA86}.Release|Any CPU.ActiveCfg = Release|Any CPU
		{9FD727E1-FA70-44C8-A32F-52A774C4FA86}.Release|Any CPU.Build.0 = Release|Any CPU
	EndGlobalSection
	GlobalSection(SolutionProperties) = preSolution
		HideSolutionNode = FALSE
	EndGlobalSection
	GlobalSection(ExtensibilityGlobals) = postSolution
		SolutionGuid = {DF2E4644-8FA1-4B32-AC7E-2EA5B5E53E43}
	EndGlobalSection
EndGlobal
